
Microsoft Visual Studio Solution File, Format Version 11.00
# Visual Studio 2010
Project("{FAE04EC0-301F-11D3-BF4B-00C04F79EFBC}") = "KeurCode", "KeurCode\KeurCode.csproj", "{172B55D0-0713-427F-AD6B-1A08BE4D40DF}"
EndProject
Project("{FAE04EC0-301F-11D3-BF4B-00C04F79EFBC}") = "KeurCode.MVC", "KeurCode.MVC\KeurCode.MVC.csproj", "{8E527640-20A0-4214-B70D-3EE297095D53}"
EndProject
Global
	GlobalSection(SolutionConfigurationPlatforms) = preSolution
		Debug|Any CPU = Debug|Any CPU
		Release|Any CPU = Release|Any CPU
	EndGlobalSection
	GlobalSection(ProjectConfigurationPlatforms) = postSolution
		{172B55D0-0713-427F-AD6B-1A08BE4D40DF}.Debug|Any CPU.ActiveCfg = Debug|Any CPU
		{172B55D0-0713-427F-AD6B-1A08BE4D40DF}.Debug|Any CPU.Build.0 = Debug|Any CPU
		{172B55D0-0713-427F-AD6B-1A08BE4D40DF}.Release|Any CPU.ActiveCfg = Release|Any CPU
		{172B55D0-0713-427F-AD6B-1A08BE4D40DF}.Release|Any CPU.Build.0 = Release|Any CPU
		{8E527640-20A0-4214-B70D-3EE297095D53}.Debug|Any CPU.ActiveCfg = Debug|Any CPU
		{8E527640-20A0-4214-B70D-3EE297095D53}.Debug|Any CPU.Build.0 = Debug|Any CPU
		{8E527640-20A0-4214-B70D-3EE297095D53}.Release|Any CPU.ActiveCfg = Release|Any CPU
		{8E527640-20A0-4214-B70D-3EE297095D53}.Release|Any CPU.Build.0 = Release|Any CPU
	EndGlobalSection
	GlobalSection(SolutionProperties) = preSolution
		HideSolutionNode = FALSE
	EndGlobalSection
EndGlobal
